
Microsoft Visual Studio Solution File, Format Version 12.00
# Visual Studio Version 16
VisualStudioVersion = 16.0.30114.105
MinimumVisualStudioVersion = 10.0.40219.1
Project("{FAE04EC0-301F-11D3-BF4B-00C04F79EFBC}") = "Client", "Client\Client.csproj", "{10910997-4902-43F6-9E39-112E5F05C54F}"
EndProject
Project("{FAE04EC0-301F-11D3-BF4B-00C04F79EFBC}") = "Shared", "Shared\Shared.csproj", "{342B80C3-701E-4B9C-BE21-13B778F4A0E8}"
EndProject
Project("{FAE04EC0-301F-11D3-BF4B-00C04F79EFBC}") = "Client.Test", "Client.Test\Client.Test.csproj", "{9B928E7F-34C4-43F9-AC68-EBCBB7C3E8B9}"
EndProject
Project("{FAE04EC0-301F-11D3-BF4B-00C04F79EFBC}") = "E2ETest", "E2ETest\E2ETest.csproj", "{178F2396-5526-4F98-9242-7505AB9457A4}"
EndProject
Project("{FAE04EC0-301F-11D3-BF4B-00C04F79EFBC}") = "Server", "Server\Server.csproj", "{BF329F08-B281-4370-986C-3EC7D41FCD9A}"
EndProject
Global
	GlobalSection(SolutionConfigurationPlatforms) = preSolution
		Debug|Any CPU = Debug|Any CPU
		Release|Any CPU = Release|Any CPU
	EndGlobalSection
	GlobalSection(SolutionProperties) = preSolution
		HideSolutionNode = FALSE
	EndGlobalSection
	GlobalSection(ProjectConfigurationPlatforms) = postSolution
		{10910997-4902-43F6-9E39-112E5F05C54F}.Debug|Any CPU.ActiveCfg = Debug|Any CPU
		{10910997-4902-43F6-9E39-112E5F05C54F}.Debug|Any CPU.Build.0 = Debug|Any CPU
		{10910997-4902-43F6-9E39-112E5F05C54F}.Release|Any CPU.ActiveCfg = Release|Any CPU
		{10910997-4902-43F6-9E39-112E5F05C54F}.Release|Any CPU.Build.0 = Release|Any CPU
		{342B80C3-701E-4B9C-BE21-13B778F4A0E8}.Debug|Any CPU.ActiveCfg = Debug|Any CPU
		{342B80C3-701E-4B9C-BE21-13B778F4A0E8}.Debug|Any CPU.Build.0 = Debug|Any CPU
		{342B80C3-701E-4B9C-BE21-13B778F4A0E8}.Release|Any CPU.ActiveCfg = Release|Any CPU
		{342B80C3-701E-4B9C-BE21-13B778F4A0E8}.Release|Any CPU.Build.0 = Release|Any CPU
		{9B928E7F-34C4-43F9-AC68-EBCBB7C3E8B9}.Debug|Any CPU.ActiveCfg = Debug|Any CPU
		{9B928E7F-34C4-43F9-AC68-EBCBB7C3E8B9}.Debug|Any CPU.Build.0 = Debug|Any CPU
		{9B928E7F-34C4-43F9-AC68-EBCBB7C3E8B9}.Release|Any CPU.ActiveCfg = Release|Any CPU
		{9B928E7F-34C4-43F9-AC68-EBCBB7C3E8B9}.Release|Any CPU.Build.0 = Release|Any CPU
		{178F2396-5526-4F98-9242-7505AB9457A4}.Debug|Any CPU.ActiveCfg = Debug|Any CPU
		{178F2396-5526-4F98-9242-7505AB9457A4}.Debug|Any CPU.Build.0 = Debug|Any CPU
		{178F2396-5526-4F98-9242-7505AB9457A4}.Release|Any CPU.ActiveCfg = Release|Any CPU
		{178F2396-5526-4F98-9242-7505AB9457A4}.Release|Any CPU.Build.0 = Release|Any CPU
		{BF329F08-B281-4370-986C-3EC7D41FCD9A}.Debug|Any CPU.ActiveCfg = Debug|Any CPU
		{BF329F08-B281-4370-986C-3EC7D41FCD9A}.Debug|Any CPU.Build.0 = Debug|Any CPU
		{BF329F08-B281-4370-986C-3EC7D41FCD9A}.Release|Any CPU.ActiveCfg = Release|Any CPU
		{BF329F08-B281-4370-986C-3EC7D41FCD9A}.Release|Any CPU.Build.0 = Release|Any CPU
	EndGlobalSection
EndGlobal
